
Microsoft Visual Studio Solution File, Format Version 12.00
# Visual Studio Version 17
VisualStudioVersion = 17.0.32014.148
MinimumVisualStudioVersion = 10.0.40219.1
Project("{F184B08F-C81C-45F6-A57F-5ABD9991F28F}") = "RibbonFactory", "RibbonFactory\RibbonFactory.vbproj", "{CD2B3599-42FA-4B2E-823D-982543489C09}"
EndProject
Project("{F184B08F-C81C-45F6-A57F-5ABD9991F28F}") = "UnitTests", "UnitTests\UnitTests.vbproj", "{04AAE809-480A-420F-9C6E-AB779649C90A}"
EndProject
Project("{2150E333-8FDC-42A3-9474-1A3956D46DE8}") = "Solution Items", "Solution Items", "{D87F0687-8498-4C75-B9A6-6B235EBCF411}"
	ProjectSection(SolutionItems) = preProject
		.editorconfig = .editorconfig
	EndProjectSection
EndProject
Project("{F184B08F-C81C-45F6-A57F-5ABD9991F28F}") = "ExampleRibbon", "ExampleRibbon\ExampleRibbon.vbproj", "{159692EF-2512-4093-8BEC-8765C8D5CD55}"
EndProject
Project("{F184B08F-C81C-45F6-A57F-5ABD9991F28F}") = "TestRegistrationUtility", "TestRegistrationUtility\TestRegistrationUtility.vbproj", "{059DCFD9-ABD6-4DBC-A03F-17E5C7458696}"
EndProject
Project("{F184B08F-C81C-45F6-A57F-5ABD9991F28F}") = "ManagedOfficeComAddInRegistrationUtility", "ManagedOfficeComAddInRegistrationUtility\ManagedOfficeComAddInRegistrationUtility.vbproj", "{D0A8060F-8B67-43D8-BC06-101E37F0F4A8}"
EndProject
Global
	GlobalSection(SolutionConfigurationPlatforms) = preSolution
		Debug|Any CPU = Debug|Any CPU
		Release|Any CPU = Release|Any CPU
	EndGlobalSection
	GlobalSection(ProjectConfigurationPlatforms) = postSolution
		{CD2B3599-42FA-4B2E-823D-982543489C09}.Debug|Any CPU.ActiveCfg = Debug|Any CPU
		{CD2B3599-42FA-4B2E-823D-982543489C09}.Debug|Any CPU.Build.0 = Debug|Any CPU
		{CD2B3599-42FA-4B2E-823D-982543489C09}.Release|Any CPU.ActiveCfg = Release|Any CPU
		{CD2B3599-42FA-4B2E-823D-982543489C09}.Release|Any CPU.Build.0 = Release|Any CPU
		{04AAE809-480A-420F-9C6E-AB779649C90A}.Debug|Any CPU.ActiveCfg = Debug|Any CPU
		{04AAE809-480A-420F-9C6E-AB779649C90A}.Debug|Any CPU.Build.0 = Debug|Any CPU
		{04AAE809-480A-420F-9C6E-AB779649C90A}.Release|Any CPU.ActiveCfg = Release|Any CPU
		{04AAE809-480A-420F-9C6E-AB779649C90A}.Release|Any CPU.Build.0 = Release|Any CPU
		{159692EF-2512-4093-8BEC-8765C8D5CD55}.Debug|Any CPU.ActiveCfg = Debug|Any CPU
		{159692EF-2512-4093-8BEC-8765C8D5CD55}.Debug|Any CPU.Build.0 = Debug|Any CPU
		{159692EF-2512-4093-8BEC-8765C8D5CD55}.Release|Any CPU.ActiveCfg = Release|Any CPU
		{159692EF-2512-4093-8BEC-8765C8D5CD55}.Release|Any CPU.Build.0 = Release|Any CPU
		{059DCFD9-ABD6-4DBC-A03F-17E5C7458696}.Debug|Any CPU.ActiveCfg = Debug|Any CPU
		{059DCFD9-ABD6-4DBC-A03F-17E5C7458696}.Debug|Any CPU.Build.0 = Debug|Any CPU
		{059DCFD9-ABD6-4DBC-A03F-17E5C7458696}.Release|Any CPU.ActiveCfg = Release|Any CPU
		{059DCFD9-ABD6-4DBC-A03F-17E5C7458696}.Release|Any CPU.Build.0 = Release|Any CPU
		{D0A8060F-8B67-43D8-BC06-101E37F0F4A8}.Debug|Any CPU.ActiveCfg = Debug|Any CPU
		{D0A8060F-8B67-43D8-BC06-101E37F0F4A8}.Debug|Any CPU.Build.0 = Debug|Any CPU
		{D0A8060F-8B67-43D8-BC06-101E37F0F4A8}.Release|Any CPU.ActiveCfg = Release|Any CPU
		{D0A8060F-8B67-43D8-BC06-101E37F0F4A8}.Release|Any CPU.Build.0 = Release|Any CPU
	EndGlobalSection
	GlobalSection(SolutionProperties) = preSolution
		HideSolutionNode = FALSE
	EndGlobalSection
	GlobalSection(ExtensibilityGlobals) = postSolution
		SolutionGuid = {0B55A631-A3A4-49F5-9B45-1F7952309D96}
	EndGlobalSection
EndGlobal
