
Microsoft Visual Studio Solution File, Format Version 12.00
# Visual Studio Version 17
VisualStudioVersion = 17.0.32014.148
MinimumVisualStudioVersion = 10.0.40219.1
Project("{F184B08F-C81C-45F6-A57F-5ABD9991F28F}") = "RibbonFactory", "RibbonFactory\RibbonFactory.vbproj", "{CD2B3599-42FA-4B2E-823D-982543489C09}"
EndProject
Project("{F184B08F-C81C-45F6-A57F-5ABD9991F28F}") = "Tests", "UnitTests\Tests.vbproj", "{04AAE809-480A-420F-9C6E-AB779649C90A}"
EndProject
Project("{2150E333-8FDC-42A3-9474-1A3956D46DE8}") = "Solution Items", "Solution Items", "{D87F0687-8498-4C75-B9A6-6B235EBCF411}"
	ProjectSection(SolutionItems) = preProject
		.editorconfig = .editorconfig
	EndProjectSection
EndProject
Project("{F184B08F-C81C-45F6-A57F-5ABD9991F28F}") = "ExampleRibbon", "ExampleRibbon\ExampleRibbon.vbproj", "{159692EF-2512-4093-8BEC-8765C8D5CD55}"
EndProject
Project("{9A19103F-16F7-4668-BE54-9A1E7A4F7556}") = "RegistrationUtility", "RegistrationUtility\RegistrationUtility.csproj", "{6D4398BC-97B3-4AB6-BBA7-6CAC01DE895C}"
EndProject
Project("{FAE04EC0-301F-11D3-BF4B-00C04F79EFBC}") = "ExampleCSharp", "ExampleCSharp\ExampleCSharp.csproj", "{4D5150B0-D0A3-4E86-93EA-C3FFF6B85EDE}"
EndProject
Global
	GlobalSection(SolutionConfigurationPlatforms) = preSolution
		Debug|Any CPU = Debug|Any CPU
		Release|Any CPU = Release|Any CPU
	EndGlobalSection
	GlobalSection(ProjectConfigurationPlatforms) = postSolution
		{CD2B3599-42FA-4B2E-823D-982543489C09}.Debug|Any CPU.ActiveCfg = Debug|Any CPU
		{CD2B3599-42FA-4B2E-823D-982543489C09}.Debug|Any CPU.Build.0 = Debug|Any CPU
		{CD2B3599-42FA-4B2E-823D-982543489C09}.Release|Any CPU.ActiveCfg = Release|Any CPU
		{CD2B3599-42FA-4B2E-823D-982543489C09}.Release|Any CPU.Build.0 = Release|Any CPU
		{04AAE809-480A-420F-9C6E-AB779649C90A}.Debug|Any CPU.ActiveCfg = Debug|Any CPU
		{04AAE809-480A-420F-9C6E-AB779649C90A}.Debug|Any CPU.Build.0 = Debug|Any CPU
		{04AAE809-480A-420F-9C6E-AB779649C90A}.Release|Any CPU.ActiveCfg = Release|Any CPU
		{04AAE809-480A-420F-9C6E-AB779649C90A}.Release|Any CPU.Build.0 = Release|Any CPU
		{159692EF-2512-4093-8BEC-8765C8D5CD55}.Debug|Any CPU.ActiveCfg = Debug|Any CPU
		{159692EF-2512-4093-8BEC-8765C8D5CD55}.Debug|Any CPU.Build.0 = Debug|Any CPU
		{159692EF-2512-4093-8BEC-8765C8D5CD55}.Release|Any CPU.ActiveCfg = Release|Any CPU
		{159692EF-2512-4093-8BEC-8765C8D5CD55}.Release|Any CPU.Build.0 = Release|Any CPU
		{6D4398BC-97B3-4AB6-BBA7-6CAC01DE895C}.Debug|Any CPU.ActiveCfg = Debug|Any CPU
		{6D4398BC-97B3-4AB6-BBA7-6CAC01DE895C}.Debug|Any CPU.Build.0 = Debug|Any CPU
		{6D4398BC-97B3-4AB6-BBA7-6CAC01DE895C}.Release|Any CPU.ActiveCfg = Release|Any CPU
		{6D4398BC-97B3-4AB6-BBA7-6CAC01DE895C}.Release|Any CPU.Build.0 = Release|Any CPU
		{4D5150B0-D0A3-4E86-93EA-C3FFF6B85EDE}.Debug|Any CPU.ActiveCfg = Debug|Any CPU
		{4D5150B0-D0A3-4E86-93EA-C3FFF6B85EDE}.Debug|Any CPU.Build.0 = Debug|Any CPU
		{4D5150B0-D0A3-4E86-93EA-C3FFF6B85EDE}.Release|Any CPU.ActiveCfg = Release|Any CPU
		{4D5150B0-D0A3-4E86-93EA-C3FFF6B85EDE}.Release|Any CPU.Build.0 = Release|Any CPU
	EndGlobalSection
	GlobalSection(SolutionProperties) = preSolution
		HideSolutionNode = FALSE
	EndGlobalSection
	GlobalSection(ExtensibilityGlobals) = postSolution
		SolutionGuid = {0B55A631-A3A4-49F5-9B45-1F7952309D96}
	EndGlobalSection
EndGlobal
